// !$*UTF8*$!
{
	archiveVersion = 1;
	classes = {
	};
	objectVersion = 55;
	objects = {

/* Begin PBXBuildFile section */
		93A6DE12275E901E005A8C7B /* AppDelegate.swift in Sources */ = {isa = PBXBuildFile; fileRef = 93A6DE11275E901E005A8C7B /* AppDelegate.swift */; };
		93A6DE14275E901E005A8C7B /* SceneDelegate.swift in Sources */ = {isa = PBXBuildFile; fileRef = 93A6DE13275E901E005A8C7B /* SceneDelegate.swift */; };
		93A6DE16275E901E005A8C7B /* FibonacciTableViewController.swift in Sources */ = {isa = PBXBuildFile; fileRef = 93A6DE15275E901E005A8C7B /* FibonacciTableViewController.swift */; };
		93A6DE19275E901E005A8C7B /* Main.storyboard in Resources */ = {isa = PBXBuildFile; fileRef = 93A6DE17275E901E005A8C7B /* Main.storyboard */; };
		93A6DE1B275E9021005A8C7B /* Assets.xcassets in Resources */ = {isa = PBXBuildFile; fileRef = 93A6DE1A275E9021005A8C7B /* Assets.xcassets */; };
		93A6DE1E275E9021005A8C7B /* LaunchScreen.storyboard in Resources */ = {isa = PBXBuildFile; fileRef = 93A6DE1C275E9021005A8C7B /* LaunchScreen.storyboard */; };
		93A6DE29275E9022005A8C7B /* FibonacciTests.swift in Sources */ = {isa = PBXBuildFile; fileRef = 93A6DE28275E9022005A8C7B /* FibonacciTests.swift */; };
		93A6DE33275E9022005A8C7B /* FibonacciUITests.swift in Sources */ = {isa = PBXBuildFile; fileRef = 93A6DE32275E9022005A8C7B /* FibonacciUITests.swift */; };
		93A6DE35275E9022005A8C7B /* FibonacciUITestsLaunchTests.swift in Sources */ = {isa = PBXBuildFile; fileRef = 93A6DE34275E9022005A8C7B /* FibonacciUITestsLaunchTests.swift */; };
/* End PBXBuildFile section */

/* Begin PBXContainerItemProxy section */
		93A6DE25275E9022005A8C7B /* PBXContainerItemProxy */ = {
			isa = PBXContainerItemProxy;
			containerPortal = 93A6DE06275E901E005A8C7B /* Project object */;
			proxyType = 1;
			remoteGlobalIDString = 93A6DE0D275E901E005A8C7B;
			remoteInfo = Fibonacci;
		};
		93A6DE2F275E9022005A8C7B /* PBXContainerItemProxy */ = {
			isa = PBXContainerItemProxy;
			containerPortal = 93A6DE06275E901E005A8C7B /* Project object */;
			proxyType = 1;
			remoteGlobalIDString = 93A6DE0D275E901E005A8C7B;
			remoteInfo = Fibonacci;
		};
/* End PBXContainerItemProxy section */

/* Begin PBXFileReference section */
		93A6DE0E275E901E005A8C7B /* Fibonacci.app */ = {isa = PBXFileReference; explicitFileType = wrapper.application; includeInIndex = 0; path = Fibonacci.app; sourceTree = BUILT_PRODUCTS_DIR; };
		93A6DE11275E901E005A8C7B /* AppDelegate.swift */ = {isa = PBXFileReference; lastKnownFileType = sourcecode.swift; path = AppDelegate.swift; sourceTree = "<group>"; };
		93A6DE13275E901E005A8C7B /* SceneDelegate.swift */ = {isa = PBXFileReference; lastKnownFileType = sourcecode.swift; path = SceneDelegate.swift; sourceTree = "<group>"; };
		93A6DE15275E901E005A8C7B /* FibonacciTableViewController.swift */ = {isa = PBXFileReference; lastKnownFileType = sourcecode.swift; path = FibonacciTableViewController.swift; sourceTree = "<group>"; };
		93A6DE18275E901E005A8C7B /* Base */ = {isa = PBXFileReference; lastKnownFileType = file.storyboard; name = Base; path = Base.lproj/Main.storyboard; sourceTree = "<group>"; };
		93A6DE1A275E9021005A8C7B /* Assets.xcassets */ = {isa = PBXFileReference; lastKnownFileType = folder.assetcatalog; path = Assets.xcassets; sourceTree = "<group>"; };
		93A6DE1D275E9021005A8C7B /* Base */ = {isa = PBXFileReference; lastKnownFileType = file.storyboard; name = Base; path = Base.lproj/LaunchScreen.storyboard; sourceTree = "<group>"; };
		93A6DE1F275E9021005A8C7B /* Info.plist */ = {isa = PBXFileReference; lastKnownFileType = text.plist.xml; path = Info.plist; sourceTree = "<group>"; };
		93A6DE24275E9022005A8C7B /* FibonacciTests.xctest */ = {isa = PBXFileReference; explicitFileType = wrapper.cfbundle; includeInIndex = 0; path = FibonacciTests.xctest; sourceTree = BUILT_PRODUCTS_DIR; };
		93A6DE28275E9022005A8C7B /* FibonacciTests.swift */ = {isa = PBXFileReference; lastKnownFileType = sourcecode.swift; path = FibonacciTests.swift; sourceTree = "<group>"; };
		93A6DE2E275E9022005A8C7B /* FibonacciUITests.xctest */ = {isa = PBXFileReference; explicitFileType = wrapper.cfbundle; includeInIndex = 0; path = FibonacciUITests.xctest; sourceTree = BUILT_PRODUCTS_DIR; };
		93A6DE32275E9022005A8C7B /* FibonacciUITests.swift */ = {isa = PBXFileReference; lastKnownFileType = sourcecode.swift; path = FibonacciUITests.swift; sourceTree = "<group>"; };
		93A6DE34275E9022005A8C7B /* FibonacciUITestsLaunchTests.swift */ = {isa = PBXFileReference; lastKnownFileType = sourcecode.swift; path = FibonacciUITestsLaunchTests.swift; sourceTree = "<group>"; };
/* End PBXFileReference section */

/* Begin PBXFrameworksBuildPhase section */
		93A6DE0B275E901E005A8C7B /* Frameworks */ = {
			isa = PBXFrameworksBuildPhase;
			buildActionMask = 2147483647;
			files = (
			);
			runOnlyForDeploymentPostprocessing = 0;
		};
		93A6DE21275E9022005A8C7B /* Frameworks */ = {
			isa = PBXFrameworksBuildPhase;
			buildActionMask = 2147483647;
			files = (
			);
			runOnlyForDeploymentPostprocessing = 0;
		};
		93A6DE2B275E9022005A8C7B /* Frameworks */ = {
			isa = PBXFrameworksBuildPhase;
			buildActionMask = 2147483647;
			files = (
			);
			runOnlyForDeploymentPostprocessing = 0;
		};
/* End PBXFrameworksBuildPhase section */

/* Begin PBXGroup section */
		93A6DE05275E901E005A8C7B = {
			isa = PBXGroup;
			children = (
				93A6DE10275E901E005A8C7B /* Fibonacci */,
				93A6DE27275E9022005A8C7B /* FibonacciTests */,
				93A6DE31275E9022005A8C7B /* FibonacciUITests */,
				93A6DE0F275E901E005A8C7B /* Products */,
			);
			sourceTree = "<group>";
		};
		93A6DE0F275E901E005A8C7B /* Products */ = {
			isa = PBXGroup;
			children = (
				93A6DE0E275E901E005A8C7B /* Fibonacci.app */,
				93A6DE24275E9022005A8C7B /* FibonacciTests.xctest */,
				93A6DE2E275E9022005A8C7B /* FibonacciUITests.xctest */,
			);
			name = Products;
			sourceTree = "<group>";
		};
		93A6DE10275E901E005A8C7B /* Fibonacci */ = {
			isa = PBXGroup;
			children = (
				93A6DE11275E901E005A8C7B /* AppDelegate.swift */,
				93A6DE13275E901E005A8C7B /* SceneDelegate.swift */,
				93A6DE15275E901E005A8C7B /* FibonacciTableViewController.swift */,
				93A6DE17275E901E005A8C7B /* Main.storyboard */,
				93A6DE1A275E9021005A8C7B /* Assets.xcassets */,
				93A6DE1C275E9021005A8C7B /* LaunchScreen.storyboard */,
				93A6DE1F275E9021005A8C7B /* Info.plist */,
			);
			path = Fibonacci;
			sourceTree = "<group>";
		};
		93A6DE27275E9022005A8C7B /* FibonacciTests */ = {
			isa = PBXGroup;
			children = (
				93A6DE28275E9022005A8C7B /* FibonacciTests.swift */,
			);
			path = FibonacciTests;
			sourceTree = "<group>";
		};
		93A6DE31275E9022005A8C7B /* FibonacciUITests */ = {
			isa = PBXGroup;
			children = (
				93A6DE32275E9022005A8C7B /* FibonacciUITests.swift */,
				93A6DE34275E9022005A8C7B /* FibonacciUITestsLaunchTests.swift */,
			);
			path = FibonacciUITests;
			sourceTree = "<group>";
		};
/* End PBXGroup section */

/* Begin PBXNativeTarget section */
		93A6DE0D275E901E005A8C7B /* Fibonacci */ = {
			isa = PBXNativeTarget;
			buildConfigurationList = 93A6DE38275E9022005A8C7B /* Build configuration list for PBXNativeTarget "Fibonacci" */;
			buildPhases = (
				93A6DE0A275E901E005A8C7B /* Sources */,
				93A6DE0B275E901E005A8C7B /* Frameworks */,
				93A6DE0C275E901E005A8C7B /* Resources */,
			);
			buildRules = (
			);
			dependencies = (
			);
			name = Fibonacci;
			productName = Fibonacci;
			productReference = 93A6DE0E275E901E005A8C7B /* Fibonacci.app */;
			productType = "com.apple.product-type.application";
		};
		93A6DE23275E9022005A8C7B /* FibonacciTests */ = {
			isa = PBXNativeTarget;
			buildConfigurationList = 93A6DE3B275E9022005A8C7B /* Build configuration list for PBXNativeTarget "FibonacciTests" */;
			buildPhases = (
				93A6DE20275E9022005A8C7B /* Sources */,
				93A6DE21275E9022005A8C7B /* Frameworks */,
				93A6DE22275E9022005A8C7B /* Resources */,
			);
			buildRules = (
			);
			dependencies = (
				93A6DE26275E9022005A8C7B /* PBXTargetDependency */,
			);
			name = FibonacciTests;
			productName = FibonacciTests;
			productReference = 93A6DE24275E9022005A8C7B /* FibonacciTests.xctest */;
			productType = "com.apple.product-type.bundle.unit-test";
		};
		93A6DE2D275E9022005A8C7B /* FibonacciUITests */ = {
			isa = PBXNativeTarget;
			buildConfigurationList = 93A6DE3E275E9022005A8C7B /* Build configuration list for PBXNativeTarget "FibonacciUITests" */;
			buildPhases = (
				93A6DE2A275E9022005A8C7B /* Sources */,
				93A6DE2B275E9022005A8C7B /* Frameworks */,
				93A6DE2C275E9022005A8C7B /* Resources */,
			);
			buildRules = (
			);
			dependencies = (
				93A6DE30275E9022005A8C7B /* PBXTargetDependency */,
			);
			name = FibonacciUITests;
			productName = FibonacciUITests;
			productReference = 93A6DE2E275E9022005A8C7B /* FibonacciUITests.xctest */;
			productType = "com.apple.product-type.bundle.ui-testing";
		};
/* End PBXNativeTarget section */

/* Begin PBXProject section */
		93A6DE06275E901E005A8C7B /* Project object */ = {
			isa = PBXProject;
			attributes = {
				BuildIndependentTargetsInParallel = 1;
				LastSwiftUpdateCheck = 1310;
				LastUpgradeCheck = 1310;
				TargetAttributes = {
					93A6DE0D275E901E005A8C7B = {
						CreatedOnToolsVersion = 13.1;
					};
					93A6DE23275E9022005A8C7B = {
						CreatedOnToolsVersion = 13.1;
						TestTargetID = 93A6DE0D275E901E005A8C7B;
					};
					93A6DE2D275E9022005A8C7B = {
						CreatedOnToolsVersion = 13.1;
						TestTargetID = 93A6DE0D275E901E005A8C7B;
					};
				};
			};
			buildConfigurationList = 93A6DE09275E901E005A8C7B /* Build configuration list for PBXProject "Fibonacci" */;
			compatibilityVersion = "Xcode 13.0";
			developmentRegion = en;
			hasScannedForEncodings = 0;
			knownRegions = (
				en,
				Base,
			);
			mainGroup = 93A6DE05275E901E005A8C7B;
			productRefGroup = 93A6DE0F275E901E005A8C7B /* Products */;
			projectDirPath = "";
			projectRoot = "";
			targets = (
				93A6DE0D275E901E005A8C7B /* Fibonacci */,
				93A6DE23275E9022005A8C7B /* FibonacciTests */,
				93A6DE2D275E9022005A8C7B /* FibonacciUITests */,
			);
		};
/* End PBXProject section */

/* Begin PBXResourcesBuildPhase section */
		93A6DE0C275E901E005A8C7B /* Resources */ = {
			isa = PBXResourcesBuildPhase;
			buildActionMask = 2147483647;
			files = (
				93A6DE1E275E9021005A8C7B /* LaunchScreen.storyboard in Resources */,
				93A6DE1B275E9021005A8C7B /* Assets.xcassets in Resources */,
				93A6DE19275E901E005A8C7B /* Main.storyboard in Resources */,
			);
			runOnlyForDeploymentPostprocessing = 0;
		};
		93A6DE22275E9022005A8C7B /* Resources */ = {
			isa = PBXResourcesBuildPhase;
			buildActionMask = 2147483647;
			files = (
			);
			runOnlyForDeploymentPostprocessing = 0;
		};
		93A6DE2C275E9022005A8C7B /* Resources */ = {
			isa = PBXResourcesBuildPhase;
			buildActionMask = 2147483647;
			files = (
			);
			runOnlyForDeploymentPostprocessing = 0;
		};
/* End PBXResourcesBuildPhase section */

/* Begin PBXSourcesBuildPhase section */
		93A6DE0A275E901E005A8C7B /* Sources */ = {
			isa = PBXSourcesBuildPhase;
			buildActionMask = 2147483647;
			files = (
				93A6DE16275E901E005A8C7B /* FibonacciTableViewController.swift in Sources */,
				93A6DE12275E901E005A8C7B /* AppDelegate.swift in Sources */,
				93A6DE14275E901E005A8C7B /* SceneDelegate.swift in Sources */,
			);
			runOnlyForDeploymentPostprocessing = 0;
		};
		93A6DE20275E9022005A8C7B /* Sources */ = {
			isa = PBXSourcesBuildPhase;
			buildActionMask = 2147483647;
			files = (
				93A6DE29275E9022005A8C7B /* FibonacciTests.swift in Sources */,
			);
			runOnlyForDeploymentPostprocessing = 0;
		};
		93A6DE2A275E9022005A8C7B /* Sources */ = {
			isa = PBXSourcesBuildPhase;
			buildActionMask = 2147483647;
			files = (
				93A6DE33275E9022005A8C7B /* FibonacciUITests.swift in Sources */,
				93A6DE35275E9022005A8C7B /* FibonacciUITestsLaunchTests.swift in Sources */,
			);
			runOnlyForDeploymentPostprocessing = 0;
		};
/* End PBXSourcesBuildPhase section */

/* Begin PBXTargetDependency section */
		93A6DE26275E9022005A8C7B /* PBXTargetDependency */ = {
			isa = PBXTargetDependency;
			target = 93A6DE0D275E901E005A8C7B /* Fibonacci */;
			targetProxy = 93A6DE25275E9022005A8C7B /* PBXContainerItemProxy */;
		};
		93A6DE30275E9022005A8C7B /* PBXTargetDependency */ = {
			isa = PBXTargetDependency;
			target = 93A6DE0D275E901E005A8C7B /* Fibonacci */;
			targetProxy = 93A6DE2F275E9022005A8C7B /* PBXContainerItemProxy */;
		};
/* End PBXTargetDependency section */

/* Begin PBXVariantGroup section */
		93A6DE17275E901E005A8C7B /* Main.storyboard */ = {
			isa = PBXVariantGroup;
			children = (
				93A6DE18275E901E005A8C7B /* Base */,
			);
			name = Main.storyboard;
			sourceTree = "<group>";
		};
		93A6DE1C275E9021005A8C7B /* LaunchScreen.storyboard */ = {
			isa = PBXVariantGroup;
			children = (
				93A6DE1D275E9021005A8C7B /* Base */,
			);
			name = LaunchScreen.storyboard;
			sourceTree = "<group>";
		};
/* End PBXVariantGroup section */

/* Begin XCBuildConfiguration section */
		93A6DE36275E9022005A8C7B /* Debug */ = {
			isa = XCBuildConfiguration;
			buildSettings = {
				ALWAYS_SEARCH_USER_PATHS = NO;
				CLANG_ANALYZER_NONNULL = YES;
				CLANG_ANALYZER_NUMBER_OBJECT_CONVERSION = YES_AGGRESSIVE;
				CLANG_CXX_LANGUAGE_STANDARD = "gnu++17";
				CLANG_CXX_LIBRARY = "libc++";
				CLANG_ENABLE_MODULES = YES;
				CLANG_ENABLE_OBJC_ARC = YES;
				CLANG_ENABLE_OBJC_WEAK = YES;
				CLANG_WARN_BLOCK_CAPTURE_AUTORELEASING = YES;
				CLANG_WARN_BOOL_CONVERSION = YES;
				CLANG_WARN_COMMA = YES;
				CLANG_WARN_CONSTANT_CONVERSION = YES;
				CLANG_WARN_DEPRECATED_OBJC_IMPLEMENTATIONS = YES;
				CLANG_WARN_DIRECT_OBJC_ISA_USAGE = YES_ERROR;
				CLANG_WARN_DOCUMENTATION_COMMENTS = YES;
				CLANG_WARN_EMPTY_BODY = YES;
				CLANG_WARN_ENUM_CONVERSION = YES;
				CLANG_WARN_INFINITE_RECURSION = YES;
				CLANG_WARN_INT_CONVERSION = YES;
				CLANG_WARN_NON_LITERAL_NULL_CONVERSION = YES;
				CLANG_WARN_OBJC_IMPLICIT_RETAIN_SELF = YES;
				CLANG_WARN_OBJC_LITERAL_CONVERSION = YES;
				CLANG_WARN_OBJC_ROOT_CLASS = YES_ERROR;
				CLANG_WARN_QUOTED_INCLUDE_IN_FRAMEWORK_HEADER = YES;
				CLANG_WARN_RANGE_LOOP_ANALYSIS = YES;
				CLANG_WARN_STRICT_PROTOTYPES = YES;
				CLANG_WARN_SUSPICIOUS_MOVE = YES;
				CLANG_WARN_UNGUARDED_AVAILABILITY = YES_AGGRESSIVE;
				CLANG_WARN_UNREACHABLE_CODE = YES;
				CLANG_WARN__DUPLICATE_METHOD_MATCH = YES;
				COPY_PHASE_STRIP = NO;
				DEBUG_INFORMATION_FORMAT = dwarf;
				ENABLE_STRICT_OBJC_MSGSEND = YES;
				ENABLE_TESTABILITY = YES;
				GCC_C_LANGUAGE_STANDARD = gnu11;
				GCC_DYNAMIC_NO_PIC = NO;
				GCC_NO_COMMON_BLOCKS = YES;
				GCC_OPTIMIZATION_LEVEL = 0;
				GCC_PREPROCESSOR_DEFINITIONS = (
					"DEBUG=1",
					"$(inherited)",
				);
				GCC_WARN_64_TO_32_BIT_CONVERSION = YES;
				GCC_WARN_ABOUT_RETURN_TYPE = YES_ERROR;
				GCC_WARN_UNDECLARED_SELECTOR = YES;
				GCC_WARN_UNINITIALIZED_AUTOS = YES_AGGRESSIVE;
				GCC_WARN_UNUSED_FUNCTION = YES;
				GCC_WARN_UNUSED_VARIABLE = YES;
				IPHONEOS_DEPLOYMENT_TARGET = 15.0;
				MTL_ENABLE_DEBUG_INFO = INCLUDE_SOURCE;
				MTL_FAST_MATH = YES;
				ONLY_ACTIVE_ARCH = YES;
				SDKROOT = iphoneos;
				SWIFT_ACTIVE_COMPILATION_CONDITIONS = DEBUG;
				SWIFT_OPTIMIZATION_LEVEL = "-Onone";
			};
			name = Debug;
		};
		93A6DE37275E9022005A8C7B /* Release */ = {
			isa = XCBuildConfiguration;
			buildSettings = {
				ALWAYS_SEARCH_USER_PATHS = NO;
				CLANG_ANALYZER_NONNULL = YES;
				CLANG_ANALYZER_NUMBER_OBJECT_CONVERSION = YES_AGGRESSIVE;
				CLANG_CXX_LANGUAGE_STANDARD = "gnu++17";
				CLANG_CXX_LIBRARY = "libc++";
				CLANG_ENABLE_MODULES = YES;
				CLANG_ENABLE_OBJC_ARC = YES;
				CLANG_ENABLE_OBJC_WEAK = YES;
				CLANG_WARN_BLOCK_CAPTURE_AUTORELEASING = YES;
				CLANG_WARN_BOOL_CONVERSION = YES;
				CLANG_WARN_COMMA = YES;
				CLANG_WARN_CONSTANT_CONVERSION = YES;
				CLANG_WARN_DEPRECATED_OBJC_IMPLEMENTATIONS = YES;
				CLANG_WARN_DIRECT_OBJC_ISA_USAGE = YES_ERROR;
				CLANG_WARN_DOCUMENTATION_COMMENTS = YES;
				CLANG_WARN_EMPTY_BODY = YES;
				CLANG_WARN_ENUM_CONVERSION = YES;
				CLANG_WARN_INFINITE_RECURSION = YES;
				CLANG_WARN_INT_CONVERSION = YES;
				CLANG_WARN_NON_LITERAL_NULL_CONVERSION = YES;
				CLANG_WARN_OBJC_IMPLICIT_RETAIN_SELF = YES;
				CLANG_WARN_OBJC_LITERAL_CONVERSION = YES;
				CLANG_WARN_OBJC_ROOT_CLASS = YES_ERROR;
				CLANG_WARN_QUOTED_INCLUDE_IN_FRAMEWORK_HEADER = YES;
				CLANG_WARN_RANGE_LOOP_ANALYSIS = YES;
				CLANG_WARN_STRICT_PROTOTYPES = YES;
				CLANG_WARN_SUSPICIOUS_MOVE = YES;
				CLANG_WARN_UNGUARDED_AVAILABILITY = YES_AGGRESSIVE;
				CLANG_WARN_UNREACHABLE_CODE = YES;
				CLANG_WARN__DUPLICATE_METHOD_MATCH = YES;
				COPY_PHASE_STRIP = NO;
				DEBUG_INFORMATION_FORMAT = "dwarf-with-dsym";
				ENABLE_NS_ASSERTIONS = NO;
				ENABLE_STRICT_OBJC_MSGSEND = YES;
				GCC_C_LANGUAGE_STANDARD = gnu11;
				GCC_NO_COMMON_BLOCKS = YES;
				GCC_WARN_64_TO_32_BIT_CONVERSION = YES;
				GCC_WARN_ABOUT_RETURN_TYPE = YES_ERROR;
				GCC_WARN_UNDECLARED_SELECTOR = YES;
				GCC_WARN_UNINITIALIZED_AUTOS = YES_AGGRESSIVE;
				GCC_WARN_UNUSED_FUNCTION = YES;
				GCC_WARN_UNUSED_VARIABLE = YES;
				IPHONEOS_DEPLOYMENT_TARGET = 15.0;
				MTL_ENABLE_DEBUG_INFO = NO;
				MTL_FAST_MATH = YES;
				SDKROOT = iphoneos;
				SWIFT_COMPILATION_MODE = wholemodule;
				SWIFT_OPTIMIZATION_LEVEL = "-O";
				VALIDATE_PRODUCT = YES;
			};
			name = Release;
		};
		93A6DE39275E9022005A8C7B /* Debug */ = {
			isa = XCBuildConfiguration;
			buildSettings = {
				ASSETCATALOG_COMPILER_APPICON_NAME = AppIcon;
				ASSETCATALOG_COMPILER_GLOBAL_ACCENT_COLOR_NAME = AccentColor;
				CODE_SIGN_STYLE = Automatic;
				CURRENT_PROJECT_VERSION = 1;
				DEVELOPMENT_TEAM = W735WRNN72;
				GENERATE_INFOPLIST_FILE = YES;
				INFOPLIST_FILE = Fibonacci/Info.plist;
				INFOPLIST_KEY_UIApplicationSupportsIndirectInputEvents = YES;
				INFOPLIST_KEY_UILaunchStoryboardName = LaunchScreen;
				INFOPLIST_KEY_UIMainStoryboardFile = Main;
				INFOPLIST_KEY_UISupportedInterfaceOrientations_iPad = "UIInterfaceOrientationPortrait UIInterfaceOrientationPortraitUpsideDown UIInterfaceOrientationLandscapeLeft UIInterfaceOrientationLandscapeRight";
				INFOPLIST_KEY_UISupportedInterfaceOrientations_iPhone = "UIInterfaceOrientationPortrait UIInterfaceOrientationLandscapeLeft UIInterfaceOrientationLandscapeRight";
				LD_RUNPATH_SEARCH_PATHS = (
					"$(inherited)",
					"@executable_path/Frameworks",
				);
				MARKETING_VERSION = 1.0;
				PRODUCT_BUNDLE_IDENTIFIER = com.AryamanSharda.Fibonacci;
				PRODUCT_NAME = "$(TARGET_NAME)";
				SWIFT_EMIT_LOC_STRINGS = YES;
				SWIFT_VERSION = 5.0;
				TARGETED_DEVICE_FAMILY = "1,2";
			};
			name = Debug;
		};
		93A6DE3A275E9022005A8C7B /* Release */ = {
			isa = XCBuildConfiguration;
			buildSettings = {
				ASSETCATALOG_COMPILER_APPICON_NAME = AppIcon;
				ASSETCATALOG_COMPILER_GLOBAL_ACCENT_COLOR_NAME = AccentColor;
				CODE_SIGN_STYLE = Automatic;
				CURRENT_PROJECT_VERSION = 1;
				DEVELOPMENT_TEAM = W735WRNN72;
				GENERATE_INFOPLIST_FILE = YES;
				INFOPLIST_FILE = Fibonacci/Info.plist;
				INFOPLIST_KEY_UIApplicationSupportsIndirectInputEvents = YES;
				INFOPLIST_KEY_UILaunchStoryboardName = LaunchScreen;
				INFOPLIST_KEY_UIMainStoryboardFile = Main;
				INFOPLIST_KEY_UISupportedInterfaceOrientations_iPad = "UIInterfaceOrientationPortrait UIInterfaceOrientationPortraitUpsideDown UIInterfaceOrientationLandscapeLeft UIInterfaceOrientationLandscapeRight";
				INFOPLIST_KEY_UISupportedInterfaceOrientations_iPhone = "UIInterfaceOrientationPortrait UIInterfaceOrientationLandscapeLeft UIInterfaceOrientationLandscapeRight";
				LD_RUNPATH_SEARCH_PATHS = (
					"$(inherited)",
					"@executable_path/Frameworks",
				);
				MARKETING_VERSION = 1.0;
				PRODUCT_BUNDLE_IDENTIFIER = com.AryamanSharda.Fibonacci;
				PRODUCT_NAME = "$(TARGET_NAME)";
				SWIFT_EMIT_LOC_STRINGS = YES;
				SWIFT_VERSION = 5.0;
				TARGETED_DEVICE_FAMILY = "1,2";
			};
			name = Release;
		};
		93A6DE3C275E9022005A8C7B /* Debug */ = {
			isa = XCBuildConfiguration;
			buildSettings = {
				ALWAYS_EMBED_SWIFT_STANDARD_LIBRARIES = YES;
				BUNDLE_LOADER = "$(TEST_HOST)";
				CODE_SIGN_STYLE = Automatic;
				CURRENT_PROJECT_VERSION = 1;
				DEVELOPMENT_TEAM = W735WRNN72;
				GENERATE_INFOPLIST_FILE = YES;
				IPHONEOS_DEPLOYMENT_TARGET = 15.0;
				LD_RUNPATH_SEARCH_PATHS = (
					"$(inherited)",
					"@executable_path/Frameworks",
					"@loader_path/Frameworks",
				);
				MARKETING_VERSION = 1.0;
				PRODUCT_BUNDLE_IDENTIFIER = com.AryamanSharda.FibonacciTests;
				PRODUCT_NAME = "$(TARGET_NAME)";
				SWIFT_EMIT_LOC_STRINGS = NO;
				SWIFT_VERSION = 5.0;
				TARGETED_DEVICE_FAMILY = "1,2";
				TEST_HOST = "$(BUILT_PRODUCTS_DIR)/Fibonacci.app/Fibonacci";
			};
			name = Debug;
		};
		93A6DE3D275E9022005A8C7B /* Release */ = {
			isa = XCBuildConfiguration;
			buildSettings = {
				ALWAYS_EMBED_SWIFT_STANDARD_LIBRARIES = YES;
				BUNDLE_LOADER = "$(TEST_HOST)";
				CODE_SIGN_STYLE = Automatic;
				CURRENT_PROJECT_VERSION = 1;
				DEVELOPMENT_TEAM = W735WRNN72;
				GENERATE_INFOPLIST_FILE = YES;
				IPHONEOS_DEPLOYMENT_TARGET = 15.0;
				LD_RUNPATH_SEARCH_PATHS = (
					"$(inherited)",
					"@executable_path/Frameworks",
					"@loader_path/Frameworks",
				);
				MARKETING_VERSION = 1.0;
				PRODUCT_BUNDLE_IDENTIFIER = com.AryamanSharda.FibonacciTests;
				PRODUCT_NAME = "$(TARGET_NAME)";
				SWIFT_EMIT_LOC_STRINGS = NO;
				SWIFT_VERSION = 5.0;
				TARGETED_DEVICE_FAMILY = "1,2";
				TEST_HOST = "$(BUILT_PRODUCTS_DIR)/Fibonacci.app/Fibonacci";
			};
			name = Release;
		};
		93A6DE3F275E9022005A8C7B /* Debug */ = {
			isa = XCBuildConfiguration;
			buildSettings = {
				ALWAYS_EMBED_SWIFT_STANDARD_LIBRARIES = YES;
				CODE_SIGN_STYLE = Automatic;
				CURRENT_PROJECT_VERSION = 1;
				DEVELOPMENT_TEAM = W735WRNN72;
				GENERATE_INFOPLIST_FILE = YES;
				LD_RUNPATH_SEARCH_PATHS = (
					"$(inherited)",
					"@executable_path/Frameworks",
					"@loader_path/Frameworks",
				);
				MARKETING_VERSION = 1.0;
				PRODUCT_BUNDLE_IDENTIFIER = com.AryamanSharda.FibonacciUITests;
				PRODUCT_NAME = "$(TARGET_NAME)";
				SWIFT_EMIT_LOC_STRINGS = NO;
				SWIFT_VERSION = 5.0;
				TARGETED_DEVICE_FAMILY = "1,2";
				TEST_TARGET_NAME = Fibonacci;
			};
			name = Debug;
		};
		93A6DE40275E9022005A8C7B /* Release */ = {
			isa = XCBuildConfiguration;
			buildSettings = {
				ALWAYS_EMBED_SWIFT_STANDARD_LIBRARIES = YES;
				CODE_SIGN_STYLE = Automatic;
				CURRENT_PROJECT_VERSION = 1;
				DEVELOPMENT_TEAM = W735WRNN72;
				GENERATE_INFOPLIST_FILE = YES;
				LD_RUNPATH_SEARCH_PATHS = (
					"$(inherited)",
					"@executable_path/Frameworks",
					"@loader_path/Frameworks",
				);
				MARKETING_VERSION = 1.0;
				PRODUCT_BUNDLE_IDENTIFIER = com.AryamanSharda.FibonacciUITests;
				PRODUCT_NAME = "$(TARGET_NAME)";
				SWIFT_EMIT_LOC_STRINGS = NO;
				SWIFT_VERSION = 5.0;
				TARGETED_DEVICE_FAMILY = "1,2";
				TEST_TARGET_NAME = Fibonacci;
			};
			name = Release;
		};
/* End XCBuildConfiguration section */

/* Begin XCConfigurationList section */
		93A6DE09275E901E005A8C7B /* Build configuration list for PBXProject "Fibonacci" */ = {
			isa = XCConfigurationList;
			buildConfigurations = (
				93A6DE36275E9022005A8C7B /* Debug */,
				93A6DE37275E9022005A8C7B /* Release */,
			);
			defaultConfigurationIsVisible = 0;
			defaultConfigurationName = Release;
		};
		93A6DE38275E9022005A8C7B /* Build configuration list for PBXNativeTarget "Fibonacci" */ = {
			isa = XCConfigurationList;
			buildConfigurations = (
				93A6DE39275E9022005A8C7B /* Debug */,
				93A6DE3A275E9022005A8C7B /* Release */,
			);
			defaultConfigurationIsVisible = 0;
			defaultConfigurationName = Release;
		};
		93A6DE3B275E9022005A8C7B /* Build configuration list for PBXNativeTarget "FibonacciTests" */ = {
			isa = XCConfigurationList;
			buildConfigurations = (
				93A6DE3C275E9022005A8C7B /* Debug */,
				93A6DE3D275E9022005A8C7B /* Release */,
			);
			defaultConfigurationIsVisible = 0;
			defaultConfigurationName = Release;
		};
		93A6DE3E275E9022005A8C7B /* Build configuration list for PBXNativeTarget "FibonacciUITests" */ = {
			isa = XCConfigurationList;
			buildConfigurations = (
				93A6DE3F275E9022005A8C7B /* Debug */,
				93A6DE40275E9022005A8C7B /* Release */,
			);
			defaultConfigurationIsVisible = 0;
			defaultConfigurationName = Release;
		};
/* End XCConfigurationList section */
	};
	rootObject = 93A6DE06275E901E005A8C7B /* Project object */;
}
